// !$*UTF8*$!
{
	archiveVersion = 1;
	classes = {
	};
	objectVersion = 46;
	objects = {

/* Begin PBXBuildFile section */
		D87F79791F5E794B008B21AB /* AppDelegate.swift in Sources */ = {isa = PBXBuildFile; fileRef = D87F79781F5E794B008B21AB /* AppDelegate.swift */; };
		D87F797B1F5E794B008B21AB /* Assets.xcassets in Resources */ = {isa = PBXBuildFile; fileRef = D87F797A1F5E794B008B21AB /* Assets.xcassets */; };
		D87F797E1F5E794B008B21AB /* MainMenu.xib in Resources */ = {isa = PBXBuildFile; fileRef = D87F797C1F5E794B008B21AB /* MainMenu.xib */; };
		D87F79871F5E7964008B21AB /* MainWindowController.swift in Sources */ = {isa = PBXBuildFile; fileRef = D87F79851F5E7964008B21AB /* MainWindowController.swift */; };
		D87F79881F5E7964008B21AB /* MainWindowController.xib in Resources */ = {isa = PBXBuildFile; fileRef = D87F79861F5E7964008B21AB /* MainWindowController.xib */; };
/* End PBXBuildFile section */

/* Begin PBXFileReference section */
		D87F79751F5E794B008B21AB /* RGBWell.app */ = {isa = PBXFileReference; explicitFileType = wrapper.application; includeInIndex = 0; path = RGBWell.app; sourceTree = BUILT_PRODUCTS_DIR; };
		D87F79781F5E794B008B21AB /* AppDelegate.swift */ = {isa = PBXFileReference; lastKnownFileType = sourcecode.swift; path = AppDelegate.swift; sourceTree = "<group>"; };
		D87F797A1F5E794B008B21AB /* Assets.xcassets */ = {isa = PBXFileReference; lastKnownFileType = folder.assetcatalog; path = Assets.xcassets; sourceTree = "<group>"; };
		D87F797D1F5E794B008B21AB /* Base */ = {isa = PBXFileReference; lastKnownFileType = file.xib; name = Base; path = Base.lproj/MainMenu.xib; sourceTree = "<group>"; };
		D87F797F1F5E794B008B21AB /* Info.plist */ = {isa = PBXFileReference; lastKnownFileType = text.plist.xml; path = Info.plist; sourceTree = "<group>"; };
		D87F79851F5E7964008B21AB /* MainWindowController.swift */ = {isa = PBXFileReference; fileEncoding = 4; lastKnownFileType = sourcecode.swift; path = MainWindowController.swift; sourceTree = "<group>"; };
		D87F79861F5E7964008B21AB /* MainWindowController.xib */ = {isa = PBXFileReference; fileEncoding = 4; lastKnownFileType = file.xib; path = MainWindowController.xib; sourceTree = "<group>"; };
/* End PBXFileReference section */

/* Begin PBXFrameworksBuildPhase section */
		D87F79721F5E794B008B21AB /* Frameworks */ = {
			isa = PBXFrameworksBuildPhase;
			buildActionMask = 2147483647;
			files = (
			);
			runOnlyForDeploymentPostprocessing = 0;
		};
/* End PBXFrameworksBuildPhase section */

/* Begin PBXGroup section */
		D87F796C1F5E794B008B21AB = {
			isa = PBXGroup;
			children = (
				D87F79771F5E794B008B21AB /* RGBWell */,
				D87F79761F5E794B008B21AB /* Products */,
			);
			sourceTree = "<group>";
		};
		D87F79761F5E794B008B21AB /* Products */ = {
			isa = PBXGroup;
			children = (
				D87F79751F5E794B008B21AB /* RGBWell.app */,
			);
			name = Products;
			sourceTree = "<group>";
		};
		D87F79771F5E794B008B21AB /* RGBWell */ = {
			isa = PBXGroup;
			children = (
				D87F79781F5E794B008B21AB /* AppDelegate.swift */,
				D87F797A1F5E794B008B21AB /* Assets.xcassets */,
				D87F797C1F5E794B008B21AB /* MainMenu.xib */,
				D87F797F1F5E794B008B21AB /* Info.plist */,
				D87F79851F5E7964008B21AB /* MainWindowController.swift */,
				D87F79861F5E7964008B21AB /* MainWindowController.xib */,
			);
			path = RGBWell;
			sourceTree = "<group>";
		};
/* End PBXGroup section */

/* Begin PBXNativeTarget section */
		D87F79741F5E794B008B21AB /* RGBWell */ = {
			isa = PBXNativeTarget;
			buildConfigurationList = D87F79821F5E794B008B21AB /* Build configuration list for PBXNativeTarget "RGBWell" */;
			buildPhases = (
				D87F79711F5E794B008B21AB /* Sources */,
				D87F79721F5E794B008B21AB /* Frameworks */,
				D87F79731F5E794B008B21AB /* Resources */,
			);
			buildRules = (
			);
			dependencies = (
			);
			name = RGBWell;
			productName = RGBWell;
			productReference = D87F79751F5E794B008B21AB /* RGBWell.app */;
			productType = "com.apple.product-type.application";
		};
/* End PBXNativeTarget section */

/* Begin PBXProject section */
		D87F796D1F5E794B008B21AB /* Project object */ = {
			isa = PBXProject;
			attributes = {
				LastSwiftUpdateCheck = 0810;
				LastUpgradeCheck = 0810;
				ORGANIZATIONNAME = doanthieu;
				TargetAttributes = {
					D87F79741F5E794B008B21AB = {
						CreatedOnToolsVersion = 8.1;
						ProvisioningStyle = Automatic;
					};
				};
			};
			buildConfigurationList = D87F79701F5E794B008B21AB /* Build configuration list for PBXProject "RGBWell" */;
			compatibilityVersion = "Xcode 3.2";
			developmentRegion = English;
			hasScannedForEncodings = 0;
			knownRegions = (
				en,
				Base,
			);
			mainGroup = D87F796C1F5E794B008B21AB;
			productRefGroup = D87F79761F5E794B008B21AB /* Products */;
			projectDirPath = "";
			projectRoot = "";
			targets = (
				D87F79741F5E794B008B21AB /* RGBWell */,
			);
		};
/* End PBXProject section */

/* Begin PBXResourcesBuildPhase section */
		D87F79731F5E794B008B21AB /* Resources */ = {
			isa = PBXResourcesBuildPhase;
			buildActionMask = 2147483647;
			files = (
				D87F797B1F5E794B008B21AB /* Assets.xcassets in Resources */,
				D87F79881F5E7964008B21AB /* MainWindowController.xib in Resources */,
				D87F797E1F5E794B008B21AB /* MainMenu.xib in Resources */,
			);
			runOnlyForDeploymentPostprocessing = 0;
		};
/* End PBXResourcesBuildPhase section */

/* Begin PBXSourcesBuildPhase section */
		D87F79711F5E794B008B21AB /* Sources */ = {
			isa = PBXSourcesBuildPhase;
			buildActionMask = 2147483647;
			files = (
				D87F79871F5E7964008B21AB /* MainWindowController.swift in Sources */,
				D87F79791F5E794B008B21AB /* AppDelegate.swift in Sources */,
			);
			runOnlyForDeploymentPostprocessing = 0;
		};
/* End PBXSourcesBuildPhase section */

/* Begin PBXVariantGroup section */
		D87F797C1F5E794B008B21AB /* MainMenu.xib */ = {
			isa = PBXVariantGroup;
			children = (
				D87F797D1F5E794B008B21AB /* Base */,
			);
			name = MainMenu.xib;
			sourceTree = "<group>";
		};
/* End PBXVariantGroup section */

/* Begin XCBuildConfiguration section */
		D87F79801F5E794B008B21AB /* Debug */ = {
			isa = XCBuildConfiguration;
			buildSettings = {
				ALWAYS_SEARCH_USER_PATHS = NO;
				CLANG_ANALYZER_NONNULL = YES;
				CLANG_CXX_LANGUAGE_STANDARD = "gnu++0x";
				CLANG_CXX_LIBRARY = "libc++";
				CLANG_ENABLE_MODULES = YES;
				CLANG_ENABLE_OBJC_ARC = YES;
				CLANG_WARN_BOOL_CONVERSION = YES;
				CLANG_WARN_CONSTANT_CONVERSION = YES;
				CLANG_WARN_DIRECT_OBJC_ISA_USAGE = YES_ERROR;
				CLANG_WARN_DOCUMENTATION_COMMENTS = YES;
				CLANG_WARN_EMPTY_BODY = YES;
				CLANG_WARN_ENUM_CONVERSION = YES;
				CLANG_WARN_INFINITE_RECURSION = YES;
				CLANG_WARN_INT_CONVERSION = YES;
				CLANG_WARN_OBJC_ROOT_CLASS = YES_ERROR;
				CLANG_WARN_SUSPICIOUS_MOVES = YES;
				CLANG_WARN_UNREACHABLE_CODE = YES;
				CLANG_WARN__DUPLICATE_METHOD_MATCH = YES;
				CODE_SIGN_IDENTITY = "-";
				COPY_PHASE_STRIP = NO;
				DEBUG_INFORMATION_FORMAT = dwarf;
				ENABLE_STRICT_OBJC_MSGSEND = YES;
				ENABLE_TESTABILITY = YES;
				GCC_C_LANGUAGE_STANDARD = gnu99;
				GCC_DYNAMIC_NO_PIC = NO;
				GCC_NO_COMMON_BLOCKS = YES;
				GCC_OPTIMIZATION_LEVEL = 0;
				GCC_PREPROCESSOR_DEFINITIONS = (
					"DEBUG=1",
					"$(inherited)",
				);
				GCC_WARN_64_TO_32_BIT_CONVERSION = YES;
				GCC_WARN_ABOUT_RETURN_TYPE = YES_ERROR;
				GCC_WARN_UNDECLARED_SELECTOR = YES;
				GCC_WARN_UNINITIALIZED_AUTOS = YES_AGGRESSIVE;
				GCC_WARN_UNUSED_FUNCTION = YES;
				GCC_WARN_UNUSED_VARIABLE = YES;
				MACOSX_DEPLOYMENT_TARGET = 10.12;
				MTL_ENABLE_DEBUG_INFO = YES;
				ONLY_ACTIVE_ARCH = YES;
				SDKROOT = macosx;
				SWIFT_ACTIVE_COMPILATION_CONDITIONS = DEBUG;
				SWIFT_OPTIMIZATION_LEVEL = "-Onone";
			};
			name = Debug;
		};
		D87F79811F5E794B008B21AB /* Release */ = {
			isa = XCBuildConfiguration;
			buildSettings = {
				ALWAYS_SEARCH_USER_PATHS = NO;
				CLANG_ANALYZER_NONNULL = YES;
				CLANG_CXX_LANGUAGE_STANDARD = "gnu++0x";
				CLANG_CXX_LIBRARY = "libc++";
				CLANG_ENABLE_MODULES = YES;
				CLANG_ENABLE_OBJC_ARC = YES;
				CLANG_WARN_BOOL_CONVERSION = YES;
				CLANG_WARN_CONSTANT_CONVERSION = YES;
				CLANG_WARN_DIRECT_OBJC_ISA_USAGE = YES_ERROR;
				CLANG_WARN_DOCUMENTATION_COMMENTS = YES;
				CLANG_WARN_EMPTY_BODY = YES;
				CLANG_WARN_ENUM_CONVERSION = YES;
				CLANG_WARN_INFINITE_RECURSION = YES;
				CLANG_WARN_INT_CONVERSION = YES;
				CLANG_WARN_OBJC_ROOT_CLASS = YES_ERROR;
				CLANG_WARN_SUSPICIOUS_MOVES = YES;
				CLANG_WARN_UNREACHABLE_CODE = YES;
				CLANG_WARN__DUPLICATE_METHOD_MATCH = YES;
				CODE_SIGN_IDENTITY = "-";
				COPY_PHASE_STRIP = NO;
				DEBUG_INFORMATION_FORMAT = "dwarf-with-dsym";
				ENABLE_NS_ASSERTIONS = NO;
				ENABLE_STRICT_OBJC_MSGSEND = YES;
				GCC_C_LANGUAGE_STANDARD = gnu99;
				GCC_NO_COMMON_BLOCKS = YES;
				GCC_WARN_64_TO_32_BIT_CONVERSION = YES;
				GCC_WARN_ABOUT_RETURN_TYPE = YES_ERROR;
				GCC_WARN_UNDECLARED_SELECTOR = YES;
				GCC_WARN_UNINITIALIZED_AUTOS = YES_AGGRESSIVE;
				GCC_WARN_UNUSED_FUNCTION = YES;
				GCC_WARN_UNUSED_VARIABLE = YES;
				MACOSX_DEPLOYMENT_TARGET = 10.12;
				MTL_ENABLE_DEBUG_INFO = NO;
				SDKROOT = macosx;
				SWIFT_OPTIMIZATION_LEVEL = "-Owholemodule";
			};
			name = Release;
		};
		D87F79831F5E794B008B21AB /* Debug */ = {
			isa = XCBuildConfiguration;
			buildSettings = {
				ASSETCATALOG_COMPILER_APPICON_NAME = AppIcon;
				COMBINE_HIDPI_IMAGES = YES;
				INFOPLIST_FILE = RGBWell/Info.plist;
				LD_RUNPATH_SEARCH_PATHS = "$(inherited) @executable_path/../Frameworks";
				PRODUCT_BUNDLE_IDENTIFIER = com.doanthieu.RGBWell;
				PRODUCT_NAME = "$(TARGET_NAME)";
				SWIFT_VERSION = 3.0;
			};
			name = Debug;
		};
		D87F79841F5E794B008B21AB /* Release */ = {
			isa = XCBuildConfiguration;
			buildSettings = {
				ASSETCATALOG_COMPILER_APPICON_NAME = AppIcon;
				COMBINE_HIDPI_IMAGES = YES;
				INFOPLIST_FILE = RGBWell/Info.plist;
				LD_RUNPATH_SEARCH_PATHS = "$(inherited) @executable_path/../Frameworks";
				PRODUCT_BUNDLE_IDENTIFIER = com.doanthieu.RGBWell;
				PRODUCT_NAME = "$(TARGET_NAME)";
				SWIFT_VERSION = 3.0;
			};
			name = Release;
		};
/* End XCBuildConfiguration section */

/* Begin XCConfigurationList section */
		D87F79701F5E794B008B21AB /* Build configuration list for PBXProject "RGBWell" */ = {
			isa = XCConfigurationList;
			buildConfigurations = (
				D87F79801F5E794B008B21AB /* Debug */,
				D87F79811F5E794B008B21AB /* Release */,
			);
			defaultConfigurationIsVisible = 0;
			defaultConfigurationName = Release;
		};
		D87F79821F5E794B008B21AB /* Build configuration list for PBXNativeTarget "RGBWell" */ = {
			isa = XCConfigurationList;
			buildConfigurations = (
				D87F79831F5E794B008B21AB /* Debug */,
				D87F79841F5E794B008B21AB /* Release */,
			);
			defaultConfigurationIsVisible = 0;
		};
/* End XCConfigurationList section */
	};
	rootObject = D87F796D1F5E794B008B21AB /* Project object */;
}
